// !$*UTF8*$!
{
	archiveVersion = 1;
	classes = {
	};
	objectVersion = 50;
	objects = {

/* Begin PBXBuildFile section */
		408C3BF321607FD100F8AB5E /* AppDelegate.swift in Sources */ = {isa = PBXBuildFile; fileRef = 408C3BF221607FD100F8AB5E /* AppDelegate.swift */; };
		408C3BF521607FD100F8AB5E /* ViewController.swift in Sources */ = {isa = PBXBuildFile; fileRef = 408C3BF421607FD100F8AB5E /* ViewController.swift */; };
		408C3BF821607FD100F8AB5E /* Main.storyboard in Resources */ = {isa = PBXBuildFile; fileRef = 408C3BF621607FD100F8AB5E /* Main.storyboard */; };
		408C3BFA21607FD200F8AB5E /* Assets.xcassets in Resources */ = {isa = PBXBuildFile; fileRef = 408C3BF921607FD200F8AB5E /* Assets.xcassets */; };
		408C3BFD21607FD200F8AB5E /* LaunchScreen.storyboard in Resources */ = {isa = PBXBuildFile; fileRef = 408C3BFB21607FD200F8AB5E /* LaunchScreen.storyboard */; };
		408C3C0821607FD200F8AB5E /* FcmDemoTests.swift in Sources */ = {isa = PBXBuildFile; fileRef = 408C3C0721607FD200F8AB5E /* FcmDemoTests.swift */; };
		408C3C132160822600F8AB5E /* GoogleService-Info.plist in Resources */ = {isa = PBXBuildFile; fileRef = 408C3C122160822600F8AB5E /* GoogleService-Info.plist */; };
		7AD44C1771BC70C9118615FB /* Pods_FcmDemoTests.framework in Frameworks */ = {isa = PBXBuildFile; fileRef = 9E27AAFF6BAE8DFF84CE5C88 /* Pods_FcmDemoTests.framework */; };
		A04D27327BCEFE8384948D35 /* Pods_FcmDemo.framework in Frameworks */ = {isa = PBXBuildFile; fileRef = A202976A8F8D3A24ED70DA64 /* Pods_FcmDemo.framework */; };
/* End PBXBuildFile section */

/* Begin PBXContainerItemProxy section */
		408C3C0421607FD200F8AB5E /* PBXContainerItemProxy */ = {
			isa = PBXContainerItemProxy;
			containerPortal = 408C3BE721607FD100F8AB5E /* Project object */;
			proxyType = 1;
			remoteGlobalIDString = 408C3BEE21607FD100F8AB5E;
			remoteInfo = FcmDemo;
		};
/* End PBXContainerItemProxy section */

/* Begin PBXFileReference section */
		408C3BEF21607FD100F8AB5E /* FcmDemo.app */ = {isa = PBXFileReference; explicitFileType = wrapper.application; includeInIndex = 0; path = FcmDemo.app; sourceTree = BUILT_PRODUCTS_DIR; };
		408C3BF221607FD100F8AB5E /* AppDelegate.swift */ = {isa = PBXFileReference; lastKnownFileType = sourcecode.swift; path = AppDelegate.swift; sourceTree = "<group>"; };
		408C3BF421607FD100F8AB5E /* ViewController.swift */ = {isa = PBXFileReference; lastKnownFileType = sourcecode.swift; path = ViewController.swift; sourceTree = "<group>"; };
		408C3BF721607FD100F8AB5E /* Base */ = {isa = PBXFileReference; lastKnownFileType = file.storyboard; name = Base; path = Base.lproj/Main.storyboard; sourceTree = "<group>"; };
		408C3BF921607FD200F8AB5E /* Assets.xcassets */ = {isa = PBXFileReference; lastKnownFileType = folder.assetcatalog; path = Assets.xcassets; sourceTree = "<group>"; };
		408C3BFC21607FD200F8AB5E /* Base */ = {isa = PBXFileReference; lastKnownFileType = file.storyboard; name = Base; path = Base.lproj/LaunchScreen.storyboard; sourceTree = "<group>"; };
		408C3BFE21607FD200F8AB5E /* Info.plist */ = {isa = PBXFileReference; lastKnownFileType = text.plist.xml; path = Info.plist; sourceTree = "<group>"; };
		408C3C0321607FD200F8AB5E /* FcmDemoTests.xctest */ = {isa = PBXFileReference; explicitFileType = wrapper.cfbundle; includeInIndex = 0; path = FcmDemoTests.xctest; sourceTree = BUILT_PRODUCTS_DIR; };
		408C3C0721607FD200F8AB5E /* FcmDemoTests.swift */ = {isa = PBXFileReference; lastKnownFileType = sourcecode.swift; path = FcmDemoTests.swift; sourceTree = "<group>"; };
		408C3C0921607FD200F8AB5E /* Info.plist */ = {isa = PBXFileReference; lastKnownFileType = text.plist.xml; path = Info.plist; sourceTree = "<group>"; };
		408C3C122160822600F8AB5E /* GoogleService-Info.plist */ = {isa = PBXFileReference; fileEncoding = 4; lastKnownFileType = text.plist.xml; path = "GoogleService-Info.plist"; sourceTree = "<group>"; };
		427A7940CD54649E39E9BCD0 /* Pods-FcmDemoTests.release.xcconfig */ = {isa = PBXFileReference; includeInIndex = 1; lastKnownFileType = text.xcconfig; name = "Pods-FcmDemoTests.release.xcconfig"; path = "Pods/Target Support Files/Pods-FcmDemoTests/Pods-FcmDemoTests.release.xcconfig"; sourceTree = "<group>"; };
		9E27AAFF6BAE8DFF84CE5C88 /* Pods_FcmDemoTests.framework */ = {isa = PBXFileReference; explicitFileType = wrapper.framework; includeInIndex = 0; path = Pods_FcmDemoTests.framework; sourceTree = BUILT_PRODUCTS_DIR; };
		A202976A8F8D3A24ED70DA64 /* Pods_FcmDemo.framework */ = {isa = PBXFileReference; explicitFileType = wrapper.framework; includeInIndex = 0; path = Pods_FcmDemo.framework; sourceTree = BUILT_PRODUCTS_DIR; };
		C6E33F310BF22FEB57CFB81E /* Pods-FcmDemo.debug.xcconfig */ = {isa = PBXFileReference; includeInIndex = 1; lastKnownFileType = text.xcconfig; name = "Pods-FcmDemo.debug.xcconfig"; path = "Pods/Target Support Files/Pods-FcmDemo/Pods-FcmDemo.debug.xcconfig"; sourceTree = "<group>"; };
		DD24FF8E9C2ED9BCFF6E8869 /* Pods-FcmDemoTests.debug.xcconfig */ = {isa = PBXFileReference; includeInIndex = 1; lastKnownFileType = text.xcconfig; name = "Pods-FcmDemoTests.debug.xcconfig"; path = "Pods/Target Support Files/Pods-FcmDemoTests/Pods-FcmDemoTests.debug.xcconfig"; sourceTree = "<group>"; };
		FB51E867A212918F6901F7B8 /* Pods-FcmDemo.release.xcconfig */ = {isa = PBXFileReference; includeInIndex = 1; lastKnownFileType = text.xcconfig; name = "Pods-FcmDemo.release.xcconfig"; path = "Pods/Target Support Files/Pods-FcmDemo/Pods-FcmDemo.release.xcconfig"; sourceTree = "<group>"; };
/* End PBXFileReference section */

/* Begin PBXFrameworksBuildPhase section */
		408C3BEC21607FD100F8AB5E /* Frameworks */ = {
			isa = PBXFrameworksBuildPhase;
			buildActionMask = 2147483647;
			files = (
				A04D27327BCEFE8384948D35 /* Pods_FcmDemo.framework in Frameworks */,
			);
			runOnlyForDeploymentPostprocessing = 0;
		};
		408C3C0021607FD200F8AB5E /* Frameworks */ = {
			isa = PBXFrameworksBuildPhase;
			buildActionMask = 2147483647;
			files = (
				7AD44C1771BC70C9118615FB /* Pods_FcmDemoTests.framework in Frameworks */,
			);
			runOnlyForDeploymentPostprocessing = 0;
		};
/* End PBXFrameworksBuildPhase section */

/* Begin PBXGroup section */
		34FFFF6E508CE1C9CAEB4219 /* Pods */ = {
			isa = PBXGroup;
			children = (
				C6E33F310BF22FEB57CFB81E /* Pods-FcmDemo.debug.xcconfig */,
				FB51E867A212918F6901F7B8 /* Pods-FcmDemo.release.xcconfig */,
				DD24FF8E9C2ED9BCFF6E8869 /* Pods-FcmDemoTests.debug.xcconfig */,
				427A7940CD54649E39E9BCD0 /* Pods-FcmDemoTests.release.xcconfig */,
			);
			name = Pods;
			sourceTree = "<group>";
		};
		3C24623F837A2D645BA20812 /* Frameworks */ = {
			isa = PBXGroup;
			children = (
				A202976A8F8D3A24ED70DA64 /* Pods_FcmDemo.framework */,
				9E27AAFF6BAE8DFF84CE5C88 /* Pods_FcmDemoTests.framework */,
			);
			name = Frameworks;
			sourceTree = "<group>";
		};
		408C3BE621607FD100F8AB5E = {
			isa = PBXGroup;
			children = (
				408C3BF121607FD100F8AB5E /* FcmDemo */,
				408C3C0621607FD200F8AB5E /* FcmDemoTests */,
				408C3BF021607FD100F8AB5E /* Products */,
				34FFFF6E508CE1C9CAEB4219 /* Pods */,
				3C24623F837A2D645BA20812 /* Frameworks */,
			);
			sourceTree = "<group>";
		};
		408C3BF021607FD100F8AB5E /* Products */ = {
			isa = PBXGroup;
			children = (
				408C3BEF21607FD100F8AB5E /* FcmDemo.app */,
				408C3C0321607FD200F8AB5E /* FcmDemoTests.xctest */,
			);
			name = Products;
			sourceTree = "<group>";
		};
		408C3BF121607FD100F8AB5E /* FcmDemo */ = {
			isa = PBXGroup;
			children = (
				408C3C122160822600F8AB5E /* GoogleService-Info.plist */,
				408C3BF221607FD100F8AB5E /* AppDelegate.swift */,
				408C3BF421607FD100F8AB5E /* ViewController.swift */,
				408C3BF621607FD100F8AB5E /* Main.storyboard */,
				408C3BF921607FD200F8AB5E /* Assets.xcassets */,
				408C3BFB21607FD200F8AB5E /* LaunchScreen.storyboard */,
				408C3BFE21607FD200F8AB5E /* Info.plist */,
			);
			path = FcmDemo;
			sourceTree = "<group>";
		};
		408C3C0621607FD200F8AB5E /* FcmDemoTests */ = {
			isa = PBXGroup;
			children = (
				408C3C0721607FD200F8AB5E /* FcmDemoTests.swift */,
				408C3C0921607FD200F8AB5E /* Info.plist */,
			);
			path = FcmDemoTests;
			sourceTree = "<group>";
		};
/* End PBXGroup section */

/* Begin PBXNativeTarget section */
		408C3BEE21607FD100F8AB5E /* FcmDemo */ = {
			isa = PBXNativeTarget;
			buildConfigurationList = 408C3C0C21607FD200F8AB5E /* Build configuration list for PBXNativeTarget "FcmDemo" */;
			buildPhases = (
				7077CAB7F375973332A779D9 /* [CP] Check Pods Manifest.lock */,
				408C3BEB21607FD100F8AB5E /* Sources */,
				408C3BEC21607FD100F8AB5E /* Frameworks */,
				408C3BED21607FD100F8AB5E /* Resources */,
				670211CB0AEC893CB8A93773 /* [CP] Embed Pods Frameworks */,
			);
			buildRules = (
			);
			dependencies = (
			);
			name = FcmDemo;
			productName = FcmDemo;
			productReference = 408C3BEF21607FD100F8AB5E /* FcmDemo.app */;
			productType = "com.apple.product-type.application";
		};
		408C3C0221607FD200F8AB5E /* FcmDemoTests */ = {
			isa = PBXNativeTarget;
			buildConfigurationList = 408C3C0F21607FD200F8AB5E /* Build configuration list for PBXNativeTarget "FcmDemoTests" */;
			buildPhases = (
				FBBC27E2B9866DD96C29ABE8 /* [CP] Check Pods Manifest.lock */,
				408C3BFF21607FD200F8AB5E /* Sources */,
				408C3C0021607FD200F8AB5E /* Frameworks */,
				408C3C0121607FD200F8AB5E /* Resources */,
			);
			buildRules = (
			);
			dependencies = (
				408C3C0521607FD200F8AB5E /* PBXTargetDependency */,
			);
			name = FcmDemoTests;
			productName = FcmDemoTests;
			productReference = 408C3C0321607FD200F8AB5E /* FcmDemoTests.xctest */;
			productType = "com.apple.product-type.bundle.unit-test";
		};
/* End PBXNativeTarget section */

/* Begin PBXProject section */
		408C3BE721607FD100F8AB5E /* Project object */ = {
			isa = PBXProject;
			attributes = {
				LastSwiftUpdateCheck = 0940;
				LastUpgradeCheck = 0940;
				ORGANIZATIONNAME = MiteSolution;
				TargetAttributes = {
					408C3BEE21607FD100F8AB5E = {
						CreatedOnToolsVersion = 9.4.1;
					};
					408C3C0221607FD200F8AB5E = {
						CreatedOnToolsVersion = 9.4.1;
						TestTargetID = 408C3BEE21607FD100F8AB5E;
					};
				};
			};
			buildConfigurationList = 408C3BEA21607FD100F8AB5E /* Build configuration list for PBXProject "FcmDemo" */;
			compatibilityVersion = "Xcode 9.3";
			developmentRegion = en;
			hasScannedForEncodings = 0;
			knownRegions = (
				en,
				Base,
			);
			mainGroup = 408C3BE621607FD100F8AB5E;
			productRefGroup = 408C3BF021607FD100F8AB5E /* Products */;
			projectDirPath = "";
			projectRoot = "";
			targets = (
				408C3BEE21607FD100F8AB5E /* FcmDemo */,
				408C3C0221607FD200F8AB5E /* FcmDemoTests */,
			);
		};
/* End PBXProject section */

/* Begin PBXResourcesBuildPhase section */
		408C3BED21607FD100F8AB5E /* Resources */ = {
			isa = PBXResourcesBuildPhase;
			buildActionMask = 2147483647;
			files = (
				408C3BFD21607FD200F8AB5E /* LaunchScreen.storyboard in Resources */,
				408C3C132160822600F8AB5E /* GoogleService-Info.plist in Resources */,
				408C3BFA21607FD200F8AB5E /* Assets.xcassets in Resources */,
				408C3BF821607FD100F8AB5E /* Main.storyboard in Resources */,
			);
			runOnlyForDeploymentPostprocessing = 0;
		};
		408C3C0121607FD200F8AB5E /* Resources */ = {
			isa = PBXResourcesBuildPhase;
			buildActionMask = 2147483647;
			files = (
			);
			runOnlyForDeploymentPostprocessing = 0;
		};
/* End PBXResourcesBuildPhase section */

/* Begin PBXShellScriptBuildPhase section */
		670211CB0AEC893CB8A93773 /* [CP] Embed Pods Frameworks */ = {
			isa = PBXShellScriptBuildPhase;
			buildActionMask = 2147483647;
			files = (
			);
			inputPaths = (
				"${SRCROOT}/Pods/Target Support Files/Pods-FcmDemo/Pods-FcmDemo-frameworks.sh",
				"${BUILT_PRODUCTS_DIR}/GoogleUtilities/GoogleUtilities.framework",
				"${BUILT_PRODUCTS_DIR}/Protobuf/Protobuf.framework",
				"${BUILT_PRODUCTS_DIR}/nanopb/nanopb.framework",
			);
			name = "[CP] Embed Pods Frameworks";
			outputPaths = (
				"${TARGET_BUILD_DIR}/${FRAMEWORKS_FOLDER_PATH}/GoogleUtilities.framework",
				"${TARGET_BUILD_DIR}/${FRAMEWORKS_FOLDER_PATH}/Protobuf.framework",
				"${TARGET_BUILD_DIR}/${FRAMEWORKS_FOLDER_PATH}/nanopb.framework",
			);
			runOnlyForDeploymentPostprocessing = 0;
			shellPath = /bin/sh;
			shellScript = "\"${SRCROOT}/Pods/Target Support Files/Pods-FcmDemo/Pods-FcmDemo-frameworks.sh\"\n";
			showEnvVarsInLog = 0;
		};
		7077CAB7F375973332A779D9 /* [CP] Check Pods Manifest.lock */ = {
			isa = PBXShellScriptBuildPhase;
			buildActionMask = 2147483647;
			files = (
			);
			inputPaths = (
				"${PODS_PODFILE_DIR_PATH}/Podfile.lock",
				"${PODS_ROOT}/Manifest.lock",
			);
			name = "[CP] Check Pods Manifest.lock";
			outputPaths = (
				"$(DERIVED_FILE_DIR)/Pods-FcmDemo-checkManifestLockResult.txt",
			);
			runOnlyForDeploymentPostprocessing = 0;
			shellPath = /bin/sh;
			shellScript = "diff \"${PODS_PODFILE_DIR_PATH}/Podfile.lock\" \"${PODS_ROOT}/Manifest.lock\" > /dev/null\nif [ $? != 0 ] ; then\n    # print error to STDERR\n    echo \"error: The sandbox is not in sync with the Podfile.lock. Run 'pod install' or update your CocoaPods installation.\" >&2\n    exit 1\nfi\n# This output is used by Xcode 'outputs' to avoid re-running this script phase.\necho \"SUCCESS\" > \"${SCRIPT_OUTPUT_FILE_0}\"\n";
			showEnvVarsInLog = 0;
		};
		FBBC27E2B9866DD96C29ABE8 /* [CP] Check Pods Manifest.lock */ = {
			isa = PBXShellScriptBuildPhase;
			buildActionMask = 2147483647;
			files = (
			);
			inputPaths = (
				"${PODS_PODFILE_DIR_PATH}/Podfile.lock",
				"${PODS_ROOT}/Manifest.lock",
			);
			name = "[CP] Check Pods Manifest.lock";
			outputPaths = (
				"$(DERIVED_FILE_DIR)/Pods-FcmDemoTests-checkManifestLockResult.txt",
			);
			runOnlyForDeploymentPostprocessing = 0;
			shellPath = /bin/sh;
			shellScript = "diff \"${PODS_PODFILE_DIR_PATH}/Podfile.lock\" \"${PODS_ROOT}/Manifest.lock\" > /dev/null\nif [ $? != 0 ] ; then\n    # print error to STDERR\n    echo \"error: The sandbox is not in sync with the Podfile.lock. Run 'pod install' or update your CocoaPods installation.\" >&2\n    exit 1\nfi\n# This output is used by Xcode 'outputs' to avoid re-running this script phase.\necho \"SUCCESS\" > \"${SCRIPT_OUTPUT_FILE_0}\"\n";
			showEnvVarsInLog = 0;
		};
/* End PBXShellScriptBuildPhase section */

/* Begin PBXSourcesBuildPhase section */
		408C3BEB21607FD100F8AB5E /* Sources */ = {
			isa = PBXSourcesBuildPhase;
			buildActionMask = 2147483647;
			files = (
				408C3BF521607FD100F8AB5E /* ViewController.swift in Sources */,
				408C3BF321607FD100F8AB5E /* AppDelegate.swift in Sources */,
			);
			runOnlyForDeploymentPostprocessing = 0;
		};
		408C3BFF21607FD200F8AB5E /* Sources */ = {
			isa = PBXSourcesBuildPhase;
			buildActionMask = 2147483647;
			files = (
				408C3C0821607FD200F8AB5E /* FcmDemoTests.swift in Sources */,
			);
			runOnlyForDeploymentPostprocessing = 0;
		};
/* End PBXSourcesBuildPhase section */

/* Begin PBXTargetDependency section */
		408C3C0521607FD200F8AB5E /* PBXTargetDependency */ = {
			isa = PBXTargetDependency;
			target = 408C3BEE21607FD100F8AB5E /* FcmDemo */;
			targetProxy = 408C3C0421607FD200F8AB5E /* PBXContainerItemProxy */;
		};
/* End PBXTargetDependency section */

/* Begin PBXVariantGroup section */
		408C3BF621607FD100F8AB5E /* Main.storyboard */ = {
			isa = PBXVariantGroup;
			children = (
				408C3BF721607FD100F8AB5E /* Base */,
			);
			name = Main.storyboard;
			sourceTree = "<group>";
		};
		408C3BFB21607FD200F8AB5E /* LaunchScreen.storyboard */ = {
			isa = PBXVariantGroup;
			children = (
				408C3BFC21607FD200F8AB5E /* Base */,
			);
			name = LaunchScreen.storyboard;
			sourceTree = "<group>";
		};
/* End PBXVariantGroup section */

/* Begin XCBuildConfiguration section */
		408C3C0A21607FD200F8AB5E /* Debug */ = {
			isa = XCBuildConfiguration;
			buildSettings = {
				ALWAYS_SEARCH_USER_PATHS = NO;
				CLANG_ANALYZER_NONNULL = YES;
				CLANG_ANALYZER_NUMBER_OBJECT_CONVERSION = YES_AGGRESSIVE;
				CLANG_CXX_LANGUAGE_STANDARD = "gnu++14";
				CLANG_CXX_LIBRARY = "libc++";
				CLANG_ENABLE_MODULES = YES;
				CLANG_ENABLE_OBJC_ARC = YES;
				CLANG_ENABLE_OBJC_WEAK = YES;
				CLANG_WARN_BLOCK_CAPTURE_AUTORELEASING = YES;
				CLANG_WARN_BOOL_CONVERSION = YES;
				CLANG_WARN_COMMA = YES;
				CLANG_WARN_CONSTANT_CONVERSION = YES;
				CLANG_WARN_DEPRECATED_OBJC_IMPLEMENTATIONS = YES;
				CLANG_WARN_DIRECT_OBJC_ISA_USAGE = YES_ERROR;
				CLANG_WARN_DOCUMENTATION_COMMENTS = YES;
				CLANG_WARN_EMPTY_BODY = YES;
				CLANG_WARN_ENUM_CONVERSION = YES;
				CLANG_WARN_INFINITE_RECURSION = YES;
				CLANG_WARN_INT_CONVERSION = YES;
				CLANG_WARN_NON_LITERAL_NULL_CONVERSION = YES;
				CLANG_WARN_OBJC_IMPLICIT_RETAIN_SELF = YES;
				CLANG_WARN_OBJC_LITERAL_CONVERSION = YES;
				CLANG_WARN_OBJC_ROOT_CLASS = YES_ERROR;
				CLANG_WARN_RANGE_LOOP_ANALYSIS = YES;
				CLANG_WARN_STRICT_PROTOTYPES = YES;
				CLANG_WARN_SUSPICIOUS_MOVE = YES;
				CLANG_WARN_UNGUARDED_AVAILABILITY = YES_AGGRESSIVE;
				CLANG_WARN_UNREACHABLE_CODE = YES;
				CLANG_WARN__DUPLICATE_METHOD_MATCH = YES;
				CODE_SIGN_IDENTITY = "iPhone Developer";
				COPY_PHASE_STRIP = NO;
				DEBUG_INFORMATION_FORMAT = dwarf;
				ENABLE_STRICT_OBJC_MSGSEND = YES;
				ENABLE_TESTABILITY = YES;
				GCC_C_LANGUAGE_STANDARD = gnu11;
				GCC_DYNAMIC_NO_PIC = NO;
				GCC_NO_COMMON_BLOCKS = YES;
				GCC_OPTIMIZATION_LEVEL = 0;
				GCC_PREPROCESSOR_DEFINITIONS = (
					"DEBUG=1",
					"$(inherited)",
				);
				GCC_WARN_64_TO_32_BIT_CONVERSION = YES;
				GCC_WARN_ABOUT_RETURN_TYPE = YES_ERROR;
				GCC_WARN_UNDECLARED_SELECTOR = YES;
				GCC_WARN_UNINITIALIZED_AUTOS = YES_AGGRESSIVE;
				GCC_WARN_UNUSED_FUNCTION = YES;
				GCC_WARN_UNUSED_VARIABLE = YES;
				IPHONEOS_DEPLOYMENT_TARGET = 11.4;
				MTL_ENABLE_DEBUG_INFO = YES;
				ONLY_ACTIVE_ARCH = YES;
				SDKROOT = iphoneos;
				SWIFT_ACTIVE_COMPILATION_CONDITIONS = DEBUG;
				SWIFT_OPTIMIZATION_LEVEL = "-Onone";
			};
			name = Debug;
		};
		408C3C0B21607FD200F8AB5E /* Release */ = {
			isa = XCBuildConfiguration;
			buildSettings = {
				ALWAYS_SEARCH_USER_PATHS = NO;
				CLANG_ANALYZER_NONNULL = YES;
				CLANG_ANALYZER_NUMBER_OBJECT_CONVERSION = YES_AGGRESSIVE;
				CLANG_CXX_LANGUAGE_STANDARD = "gnu++14";
				CLANG_CXX_LIBRARY = "libc++";
				CLANG_ENABLE_MODULES = YES;
				CLANG_ENABLE_OBJC_ARC = YES;
				CLANG_ENABLE_OBJC_WEAK = YES;
				CLANG_WARN_BLOCK_CAPTURE_AUTORELEASING = YES;
				CLANG_WARN_BOOL_CONVERSION = YES;
				CLANG_WARN_COMMA = YES;
				CLANG_WARN_CONSTANT_CONVERSION = YES;
				CLANG_WARN_DEPRECATED_OBJC_IMPLEMENTATIONS = YES;
				CLANG_WARN_DIRECT_OBJC_ISA_USAGE = YES_ERROR;
				CLANG_WARN_DOCUMENTATION_COMMENTS = YES;
				CLANG_WARN_EMPTY_BODY = YES;
				CLANG_WARN_ENUM_CONVERSION = YES;
				CLANG_WARN_INFINITE_RECURSION = YES;
				CLANG_WARN_INT_CONVERSION = YES;
				CLANG_WARN_NON_LITERAL_NULL_CONVERSION = YES;
				CLANG_WARN_OBJC_IMPLICIT_RETAIN_SELF = YES;
				CLANG_WARN_OBJC_LITERAL_CONVERSION = YES;
				CLANG_WARN_OBJC_ROOT_CLASS = YES_ERROR;
				CLANG_WARN_RANGE_LOOP_ANALYSIS = YES;
				CLANG_WARN_STRICT_PROTOTYPES = YES;
				CLANG_WARN_SUSPICIOUS_MOVE = YES;
				CLANG_WARN_UNGUARDED_AVAILABILITY = YES_AGGRESSIVE;
				CLANG_WARN_UNREACHABLE_CODE = YES;
				CLANG_WARN__DUPLICATE_METHOD_MATCH = YES;
				CODE_SIGN_IDENTITY = "iPhone Developer";
				COPY_PHASE_STRIP = NO;
				DEBUG_INFORMATION_FORMAT = "dwarf-with-dsym";
				ENABLE_NS_ASSERTIONS = NO;
				ENABLE_STRICT_OBJC_MSGSEND = YES;
				GCC_C_LANGUAGE_STANDARD = gnu11;
				GCC_NO_COMMON_BLOCKS = YES;
				GCC_WARN_64_TO_32_BIT_CONVERSION = YES;
				GCC_WARN_ABOUT_RETURN_TYPE = YES_ERROR;
				GCC_WARN_UNDECLARED_SELECTOR = YES;
				GCC_WARN_UNINITIALIZED_AUTOS = YES_AGGRESSIVE;
				GCC_WARN_UNUSED_FUNCTION = YES;
				GCC_WARN_UNUSED_VARIABLE = YES;
				IPHONEOS_DEPLOYMENT_TARGET = 11.4;
				MTL_ENABLE_DEBUG_INFO = NO;
				SDKROOT = iphoneos;
				SWIFT_COMPILATION_MODE = wholemodule;
				SWIFT_OPTIMIZATION_LEVEL = "-O";
				VALIDATE_PRODUCT = YES;
			};
			name = Release;
		};
		408C3C0D21607FD200F8AB5E /* Debug */ = {
			isa = XCBuildConfiguration;
			baseConfigurationReference = C6E33F310BF22FEB57CFB81E /* Pods-FcmDemo.debug.xcconfig */;
			buildSettings = {
				ASSETCATALOG_COMPILER_APPICON_NAME = AppIcon;
				CODE_SIGN_STYLE = Automatic;
				INFOPLIST_FILE = FcmDemo/Info.plist;
				LD_RUNPATH_SEARCH_PATHS = (
					"$(inherited)",
					"@executable_path/Frameworks",
				);
				PRODUCT_BUNDLE_IDENTIFIER = com.shamil.FcmDemo;
				PRODUCT_NAME = "$(TARGET_NAME)";
				SWIFT_VERSION = 4.0;
				TARGETED_DEVICE_FAMILY = "1,2";
			};
			name = Debug;
		};
		408C3C0E21607FD200F8AB5E /* Release */ = {
			isa = XCBuildConfiguration;
			baseConfigurationReference = FB51E867A212918F6901F7B8 /* Pods-FcmDemo.release.xcconfig */;
			buildSettings = {
				ASSETCATALOG_COMPILER_APPICON_NAME = AppIcon;
				CODE_SIGN_STYLE = Automatic;
				INFOPLIST_FILE = FcmDemo/Info.plist;
				LD_RUNPATH_SEARCH_PATHS = (
					"$(inherited)",
					"@executable_path/Frameworks",
				);
				PRODUCT_BUNDLE_IDENTIFIER = com.shamil.FcmDemo;
				PRODUCT_NAME = "$(TARGET_NAME)";
				SWIFT_VERSION = 4.0;
				TARGETED_DEVICE_FAMILY = "1,2";
			};
			name = Release;
		};
		408C3C1021607FD200F8AB5E /* Debug */ = {
			isa = XCBuildConfiguration;
			baseConfigurationReference = DD24FF8E9C2ED9BCFF6E8869 /* Pods-FcmDemoTests.debug.xcconfig */;
			buildSettings = {
				ALWAYS_EMBED_SWIFT_STANDARD_LIBRARIES = YES;
				BUNDLE_LOADER = "$(TEST_HOST)";
				CODE_SIGN_STYLE = Automatic;
				INFOPLIST_FILE = FcmDemoTests/Info.plist;
				LD_RUNPATH_SEARCH_PATHS = (
					"$(inherited)",
					"@executable_path/Frameworks",
					"@loader_path/Frameworks",
				);
				PRODUCT_BUNDLE_IDENTIFIER = com.shamil.FcmDemoTests;
				PRODUCT_NAME = "$(TARGET_NAME)";
				SWIFT_VERSION = 4.0;
				TARGETED_DEVICE_FAMILY = "1,2";
				TEST_HOST = "$(BUILT_PRODUCTS_DIR)/FcmDemo.app/FcmDemo";
			};
			name = Debug;
		};
		408C3C1121607FD200F8AB5E /* Release */ = {
			isa = XCBuildConfiguration;
			baseConfigurationReference = 427A7940CD54649E39E9BCD0 /* Pods-FcmDemoTests.release.xcconfig */;
			buildSettings = {
				ALWAYS_EMBED_SWIFT_STANDARD_LIBRARIES = YES;
				BUNDLE_LOADER = "$(TEST_HOST)";
				CODE_SIGN_STYLE = Automatic;
				INFOPLIST_FILE = FcmDemoTests/Info.plist;
				LD_RUNPATH_SEARCH_PATHS = (
					"$(inherited)",
					"@executable_path/Frameworks",
					"@loader_path/Frameworks",
				);
				PRODUCT_BUNDLE_IDENTIFIER = com.shamil.FcmDemoTests;
				PRODUCT_NAME = "$(TARGET_NAME)";
				SWIFT_VERSION = 4.0;
				TARGETED_DEVICE_FAMILY = "1,2";
				TEST_HOST = "$(BUILT_PRODUCTS_DIR)/FcmDemo.app/FcmDemo";
			};
			name = Release;
		};
/* End XCBuildConfiguration section */

/* Begin XCConfigurationList section */
		408C3BEA21607FD100F8AB5E /* Build configuration list for PBXProject "FcmDemo" */ = {
			isa = XCConfigurationList;
			buildConfigurations = (
				408C3C0A21607FD200F8AB5E /* Debug */,
				408C3C0B21607FD200F8AB5E /* Release */,
			);
			defaultConfigurationIsVisible = 0;
			defaultConfigurationName = Release;
		};
		408C3C0C21607FD200F8AB5E /* Build configuration list for PBXNativeTarget "FcmDemo" */ = {
			isa = XCConfigurationList;
			buildConfigurations = (
				408C3C0D21607FD200F8AB5E /* Debug */,
				408C3C0E21607FD200F8AB5E /* Release */,
			);
			defaultConfigurationIsVisible = 0;
			defaultConfigurationName = Release;
		};
		408C3C0F21607FD200F8AB5E /* Build configuration list for PBXNativeTarget "FcmDemoTests" */ = {
			isa = XCConfigurationList;
			buildConfigurations = (
				408C3C1021607FD200F8AB5E /* Debug */,
				408C3C1121607FD200F8AB5E /* Release */,
			);
			defaultConfigurationIsVisible = 0;
			defaultConfigurationName = Release;
		};
/* End XCConfigurationList section */
	};
	rootObject = 408C3BE721607FD100F8AB5E /* Project object */;
}
